{
    "_readme": [
        "This file locks the dependencies of your project to a known state",
        "Read more about it at https://getcomposer.org/doc/01-basic-usage.md#composer-lock-the-lock-file",
        "This file is @generated automatically"
    ],
    "hash": "b3b6f35accb17097ef8522862c8eceb5",
    "content-hash": "9d4fcd4d724822312a707dfdfe8294f8",
    "packages": [
        {
            "name": "dez-php/dez-html",
            "version": "dev-master",
            "source": {
                "type": "git",
                "url": "https://github.com/dez-php/dez-html.git",
                "reference": "0a85d5e03940484a83b1420eea407474cada992d"
            },
            "dist": {
                "type": "zip",
                "url": "https://api.github.com/repos/dez-php/dez-html/zipball/0a85d5e03940484a83b1420eea407474cada992d",
                "reference": "0a85d5e03940484a83b1420eea407474cada992d",
                "shasum": ""
            },
            "require": {
                "php": ">=5.5"
            },
            "type": "library",
            "autoload": {
                "psr-4": {
                    "Dez\\Html\\": "src/Html"
                }
            },
            "notification-url": "https://packagist.org/downloads/",
            "license": [
                "MIT"
            ],
            "authors": [
                {
                    "name": "Ivan Gontarenko",
                    "email": "vania.gontarenko@gmail.com"
                }
            ],
            "description": "Html Maker Component",
            "keywords": [
                "dez-html maker",
                "html maker",
                "php html"
            ],
            "time": "2015-11-21 16:46:27"
        }
    ],
    "packages-dev": [],
    "aliases": [],
    "minimum-stability": "dev",
    "stability-flags": [],
    "prefer-stable": true,
    "prefer-lowest": false,
    "platform": {
        "php": ">=5.5"
    },
    "platform-dev": []
}
